
Microsoft Visual Studio Solution File, Format Version 12.00
# Visual Studio Version 17
VisualStudioVersion = 17.9.34728.123
MinimumVisualStudioVersion = 10.0.40219.1
Project("{FAE04EC0-301F-11D3-BF4B-00C04F79EFBC}") = "API_TI", "API_TI\API_TI.csproj", "{0131C723-0BB2-4AF9-A0DB-7AE01852850F}"
EndProject
Global
	GlobalSection(SolutionConfigurationPlatforms) = preSolution
		Debug|Any CPU = Debug|Any CPU
		Release|Any CPU = Release|Any CPU
	EndGlobalSection
	GlobalSection(ProjectConfigurationPlatforms) = postSolution
		{0131C723-0BB2-4AF9-A0DB-7AE01852850F}.Debug|Any CPU.ActiveCfg = Debug|Any CPU
		{0131C723-0BB2-4AF9-A0DB-7AE01852850F}.Debug|Any CPU.Build.0 = Debug|Any CPU
		{0131C723-0BB2-4AF9-A0DB-7AE01852850F}.Release|Any CPU.ActiveCfg = Release|Any CPU
		{0131C723-0BB2-4AF9-A0DB-7AE01852850F}.Release|Any CPU.Build.0 = Release|Any CPU
	EndGlobalSection
	GlobalSection(SolutionProperties) = preSolution
		HideSolutionNode = FALSE
	EndGlobalSection
	GlobalSection(ExtensibilityGlobals) = postSolution
		SolutionGuid = {C53F95BC-32CE-402D-BCF7-AF1CE2A6B672}
	EndGlobalSection
EndGlobal
